
Microsoft Visual Studio Solution File, Format Version 12.00
# Visual Studio Version 17
VisualStudioVersion = 17.8.34408.163
MinimumVisualStudioVersion = 10.0.40219.1
Project("{FAE04EC0-301F-11D3-BF4B-00C04F79EFBC}") = "Mission5_JaromMollinet_1-15", "Mission5_JaromMollinet_1-15\Mission5_JaromMollinet_1-15.csproj", "{1B3E5F36-40E8-44DF-8A0C-A0B3527BF335}"
EndProject
Global
	GlobalSection(SolutionConfigurationPlatforms) = preSolution
		Debug|Any CPU = Debug|Any CPU
		Release|Any CPU = Release|Any CPU
	EndGlobalSection
	GlobalSection(ProjectConfigurationPlatforms) = postSolution
		{1B3E5F36-40E8-44DF-8A0C-A0B3527BF335}.Debug|Any CPU.ActiveCfg = Debug|Any CPU
		{1B3E5F36-40E8-44DF-8A0C-A0B3527BF335}.Debug|Any CPU.Build.0 = Debug|Any CPU
		{1B3E5F36-40E8-44DF-8A0C-A0B3527BF335}.Release|Any CPU.ActiveCfg = Release|Any CPU
		{1B3E5F36-40E8-44DF-8A0C-A0B3527BF335}.Release|Any CPU.Build.0 = Release|Any CPU
	EndGlobalSection
	GlobalSection(SolutionProperties) = preSolution
		HideSolutionNode = FALSE
	EndGlobalSection
	GlobalSection(ExtensibilityGlobals) = postSolution
		SolutionGuid = {9AE2E20A-E234-4C92-A7FC-9B1F4A232FB3}
	EndGlobalSection
EndGlobal
